// !$*UTF8*$!
{
	archiveVersion = 1;
	classes = {
	};
	objectVersion = 56;
	objects = {

/* Begin PBXBuildFile section */
		5A60A78B2C0FD5EC00B92E44 /* Sword_ChallengeApp.swift in Sources */ = {isa = PBXBuildFile; fileRef = 5A60A78A2C0FD5EC00B92E44 /* Sword_ChallengeApp.swift */; };
		5A60A78D2C0FD5EC00B92E44 /* CatsTabView.swift in Sources */ = {isa = PBXBuildFile; fileRef = 5A60A78C2C0FD5EC00B92E44 /* CatsTabView.swift */; };
		5A60A78F2C0FD5EE00B92E44 /* Assets.xcassets in Resources */ = {isa = PBXBuildFile; fileRef = 5A60A78E2C0FD5EE00B92E44 /* Assets.xcassets */; };
		5A60A7922C0FD5EE00B92E44 /* Preview Assets.xcassets in Resources */ = {isa = PBXBuildFile; fileRef = 5A60A7912C0FD5EE00B92E44 /* Preview Assets.xcassets */; };
		5A60A79C2C0FD5EF00B92E44 /* Sword_ChallengeTests.swift in Sources */ = {isa = PBXBuildFile; fileRef = 5A60A79B2C0FD5EF00B92E44 /* Sword_ChallengeTests.swift */; };
		5A60A7A62C0FD5EF00B92E44 /* Sword_ChallengeUITests.swift in Sources */ = {isa = PBXBuildFile; fileRef = 5A60A7A52C0FD5EF00B92E44 /* Sword_ChallengeUITests.swift */; };
		5A60A7A82C0FD5EF00B92E44 /* Sword_ChallengeUITestsLaunchTests.swift in Sources */ = {isa = PBXBuildFile; fileRef = 5A60A7A72C0FD5EF00B92E44 /* Sword_ChallengeUITestsLaunchTests.swift */; };
		5AD312532C0FE0F2000881AB /* CatsListView.swift in Sources */ = {isa = PBXBuildFile; fileRef = 5AD312522C0FE0F2000881AB /* CatsListView.swift */; };
		5AD312572C0FE11B000881AB /* CatsListViewModel.swift in Sources */ = {isa = PBXBuildFile; fileRef = 5AD312562C0FE11B000881AB /* CatsListViewModel.swift */; };
		5AD3125A2C0FE254000881AB /* Localizable.xcstrings in Resources */ = {isa = PBXBuildFile; fileRef = 5AD312592C0FE254000881AB /* Localizable.xcstrings */; };
		5AD3125C2C0FE588000881AB /* CatDetailsViewModel.swift in Sources */ = {isa = PBXBuildFile; fileRef = 5AD3125B2C0FE588000881AB /* CatDetailsViewModel.swift */; };
		5AD3125E2C0FE604000881AB /* CatListItem.swift in Sources */ = {isa = PBXBuildFile; fileRef = 5AD3125D2C0FE604000881AB /* CatListItem.swift */; };
		5AD312612C0FE77A000881AB /* FavouritesCatsView.swift in Sources */ = {isa = PBXBuildFile; fileRef = 5AD312602C0FE77A000881AB /* FavouritesCatsView.swift */; };
		5AD312642C10A851000881AB /* CatsTabViewModel.swift in Sources */ = {isa = PBXBuildFile; fileRef = 5AD312632C10A851000881AB /* CatsTabViewModel.swift */; };
/* End PBXBuildFile section */

/* Begin PBXContainerItemProxy section */
		5A60A7982C0FD5EF00B92E44 /* PBXContainerItemProxy */ = {
			isa = PBXContainerItemProxy;
			containerPortal = 5A60A77F2C0FD5EC00B92E44 /* Project object */;
			proxyType = 1;
			remoteGlobalIDString = 5A60A7862C0FD5EC00B92E44;
			remoteInfo = "Sword Challenge";
		};
		5A60A7A22C0FD5EF00B92E44 /* PBXContainerItemProxy */ = {
			isa = PBXContainerItemProxy;
			containerPortal = 5A60A77F2C0FD5EC00B92E44 /* Project object */;
			proxyType = 1;
			remoteGlobalIDString = 5A60A7862C0FD5EC00B92E44;
			remoteInfo = "Sword Challenge";
		};
/* End PBXContainerItemProxy section */

/* Begin PBXFileReference section */
		5A60A7872C0FD5EC00B92E44 /* Sword Challenge.app */ = {isa = PBXFileReference; explicitFileType = wrapper.application; includeInIndex = 0; path = "Sword Challenge.app"; sourceTree = BUILT_PRODUCTS_DIR; };
		5A60A78A2C0FD5EC00B92E44 /* Sword_ChallengeApp.swift */ = {isa = PBXFileReference; lastKnownFileType = sourcecode.swift; path = Sword_ChallengeApp.swift; sourceTree = "<group>"; };
		5A60A78C2C0FD5EC00B92E44 /* CatsTabView.swift */ = {isa = PBXFileReference; lastKnownFileType = sourcecode.swift; path = CatsTabView.swift; sourceTree = "<group>"; };
		5A60A78E2C0FD5EE00B92E44 /* Assets.xcassets */ = {isa = PBXFileReference; lastKnownFileType = folder.assetcatalog; path = Assets.xcassets; sourceTree = "<group>"; };
		5A60A7912C0FD5EE00B92E44 /* Preview Assets.xcassets */ = {isa = PBXFileReference; lastKnownFileType = folder.assetcatalog; path = "Preview Assets.xcassets"; sourceTree = "<group>"; };
		5A60A7972C0FD5EF00B92E44 /* Sword ChallengeTests.xctest */ = {isa = PBXFileReference; explicitFileType = wrapper.cfbundle; includeInIndex = 0; path = "Sword ChallengeTests.xctest"; sourceTree = BUILT_PRODUCTS_DIR; };
		5A60A79B2C0FD5EF00B92E44 /* Sword_ChallengeTests.swift */ = {isa = PBXFileReference; lastKnownFileType = sourcecode.swift; path = Sword_ChallengeTests.swift; sourceTree = "<group>"; };
		5A60A7A12C0FD5EF00B92E44 /* Sword ChallengeUITests.xctest */ = {isa = PBXFileReference; explicitFileType = wrapper.cfbundle; includeInIndex = 0; path = "Sword ChallengeUITests.xctest"; sourceTree = BUILT_PRODUCTS_DIR; };
		5A60A7A52C0FD5EF00B92E44 /* Sword_ChallengeUITests.swift */ = {isa = PBXFileReference; lastKnownFileType = sourcecode.swift; path = Sword_ChallengeUITests.swift; sourceTree = "<group>"; };
		5A60A7A72C0FD5EF00B92E44 /* Sword_ChallengeUITestsLaunchTests.swift */ = {isa = PBXFileReference; lastKnownFileType = sourcecode.swift; path = Sword_ChallengeUITestsLaunchTests.swift; sourceTree = "<group>"; };
		5AD312522C0FE0F2000881AB /* CatsListView.swift */ = {isa = PBXFileReference; lastKnownFileType = sourcecode.swift; path = CatsListView.swift; sourceTree = "<group>"; };
		5AD312562C0FE11B000881AB /* CatsListViewModel.swift */ = {isa = PBXFileReference; lastKnownFileType = sourcecode.swift; path = CatsListViewModel.swift; sourceTree = "<group>"; };
		5AD312592C0FE254000881AB /* Localizable.xcstrings */ = {isa = PBXFileReference; lastKnownFileType = text.json.xcstrings; path = Localizable.xcstrings; sourceTree = "<group>"; };
		5AD3125B2C0FE588000881AB /* CatDetailsViewModel.swift */ = {isa = PBXFileReference; lastKnownFileType = sourcecode.swift; path = CatDetailsViewModel.swift; sourceTree = "<group>"; };
		5AD3125D2C0FE604000881AB /* CatListItem.swift */ = {isa = PBXFileReference; lastKnownFileType = sourcecode.swift; path = CatListItem.swift; sourceTree = "<group>"; };
		5AD312602C0FE77A000881AB /* FavouritesCatsView.swift */ = {isa = PBXFileReference; lastKnownFileType = sourcecode.swift; path = FavouritesCatsView.swift; sourceTree = "<group>"; };
		5AD312632C10A851000881AB /* CatsTabViewModel.swift */ = {isa = PBXFileReference; lastKnownFileType = sourcecode.swift; path = CatsTabViewModel.swift; sourceTree = "<group>"; };
/* End PBXFileReference section */

/* Begin PBXFrameworksBuildPhase section */
		5A60A7842C0FD5EC00B92E44 /* Frameworks */ = {
			isa = PBXFrameworksBuildPhase;
			buildActionMask = 2147483647;
			files = (
			);
			runOnlyForDeploymentPostprocessing = 0;
		};
		5A60A7942C0FD5EF00B92E44 /* Frameworks */ = {
			isa = PBXFrameworksBuildPhase;
			buildActionMask = 2147483647;
			files = (
			);
			runOnlyForDeploymentPostprocessing = 0;
		};
		5A60A79E2C0FD5EF00B92E44 /* Frameworks */ = {
			isa = PBXFrameworksBuildPhase;
			buildActionMask = 2147483647;
			files = (
			);
			runOnlyForDeploymentPostprocessing = 0;
		};
/* End PBXFrameworksBuildPhase section */

/* Begin PBXGroup section */
		5A60A77E2C0FD5EC00B92E44 = {
			isa = PBXGroup;
			children = (
				5A60A7892C0FD5EC00B92E44 /* Sword Challenge */,
				5A60A79A2C0FD5EF00B92E44 /* Sword ChallengeTests */,
				5A60A7A42C0FD5EF00B92E44 /* Sword ChallengeUITests */,
				5A60A7882C0FD5EC00B92E44 /* Products */,
			);
			sourceTree = "<group>";
		};
		5A60A7882C0FD5EC00B92E44 /* Products */ = {
			isa = PBXGroup;
			children = (
				5A60A7872C0FD5EC00B92E44 /* Sword Challenge.app */,
				5A60A7972C0FD5EF00B92E44 /* Sword ChallengeTests.xctest */,
				5A60A7A12C0FD5EF00B92E44 /* Sword ChallengeUITests.xctest */,
			);
			name = Products;
			sourceTree = "<group>";
		};
		5A60A7892C0FD5EC00B92E44 /* Sword Challenge */ = {
			isa = PBXGroup;
			children = (
				5A60A78A2C0FD5EC00B92E44 /* Sword_ChallengeApp.swift */,
				5AD312552C0FE104000881AB /* CatDetails */,
				5AD312542C0FE0F9000881AB /* CatsList */,
				5AD3125F2C0FE75F000881AB /* FavouritesCats */,
				5A60A7902C0FD5EE00B92E44 /* Preview Content */,
				5AD312582C0FE240000881AB /* Resources */,
				5AD312622C10A83B000881AB /* TabView */,
			);
			path = "Sword Challenge";
			sourceTree = "<group>";
		};
		5A60A7902C0FD5EE00B92E44 /* Preview Content */ = {
			isa = PBXGroup;
			children = (
				5A60A7912C0FD5EE00B92E44 /* Preview Assets.xcassets */,
			);
			path = "Preview Content";
			sourceTree = "<group>";
		};
		5A60A79A2C0FD5EF00B92E44 /* Sword ChallengeTests */ = {
			isa = PBXGroup;
			children = (
				5A60A79B2C0FD5EF00B92E44 /* Sword_ChallengeTests.swift */,
			);
			path = "Sword ChallengeTests";
			sourceTree = "<group>";
		};
		5A60A7A42C0FD5EF00B92E44 /* Sword ChallengeUITests */ = {
			isa = PBXGroup;
			children = (
				5A60A7A52C0FD5EF00B92E44 /* Sword_ChallengeUITests.swift */,
				5A60A7A72C0FD5EF00B92E44 /* Sword_ChallengeUITestsLaunchTests.swift */,
			);
			path = "Sword ChallengeUITests";
			sourceTree = "<group>";
		};
		5AD312542C0FE0F9000881AB /* CatsList */ = {
			isa = PBXGroup;
			children = (
				5AD312522C0FE0F2000881AB /* CatsListView.swift */,
				5AD312562C0FE11B000881AB /* CatsListViewModel.swift */,
				5AD3125D2C0FE604000881AB /* CatListItem.swift */,
			);
			path = CatsList;
			sourceTree = "<group>";
		};
		5AD312552C0FE104000881AB /* CatDetails */ = {
			isa = PBXGroup;
			children = (
				5AD3125B2C0FE588000881AB /* CatDetailsViewModel.swift */,
			);
			path = CatDetails;
			sourceTree = "<group>";
		};
		5AD312582C0FE240000881AB /* Resources */ = {
			isa = PBXGroup;
			children = (
				5A60A78E2C0FD5EE00B92E44 /* Assets.xcassets */,
				5AD312592C0FE254000881AB /* Localizable.xcstrings */,
			);
			path = Resources;
			sourceTree = "<group>";
		};
		5AD3125F2C0FE75F000881AB /* FavouritesCats */ = {
			isa = PBXGroup;
			children = (
				5AD312602C0FE77A000881AB /* FavouritesCatsView.swift */,
			);
			path = FavouritesCats;
			sourceTree = "<group>";
		};
		5AD312622C10A83B000881AB /* TabView */ = {
			isa = PBXGroup;
			children = (
				5A60A78C2C0FD5EC00B92E44 /* CatsTabView.swift */,
				5AD312632C10A851000881AB /* CatsTabViewModel.swift */,
			);
			path = TabView;
			sourceTree = "<group>";
		};
/* End PBXGroup section */

/* Begin PBXNativeTarget section */
		5A60A7862C0FD5EC00B92E44 /* Sword Challenge */ = {
			isa = PBXNativeTarget;
			buildConfigurationList = 5A60A7AB2C0FD5EF00B92E44 /* Build configuration list for PBXNativeTarget "Sword Challenge" */;
			buildPhases = (
				5A60A7832C0FD5EC00B92E44 /* Sources */,
				5A60A7842C0FD5EC00B92E44 /* Frameworks */,
				5A60A7852C0FD5EC00B92E44 /* Resources */,
			);
			buildRules = (
			);
			dependencies = (
			);
			name = "Sword Challenge";
			productName = "Sword Challenge";
			productReference = 5A60A7872C0FD5EC00B92E44 /* Sword Challenge.app */;
			productType = "com.apple.product-type.application";
		};
		5A60A7962C0FD5EF00B92E44 /* Sword ChallengeTests */ = {
			isa = PBXNativeTarget;
			buildConfigurationList = 5A60A7AE2C0FD5EF00B92E44 /* Build configuration list for PBXNativeTarget "Sword ChallengeTests" */;
			buildPhases = (
				5A60A7932C0FD5EF00B92E44 /* Sources */,
				5A60A7942C0FD5EF00B92E44 /* Frameworks */,
				5A60A7952C0FD5EF00B92E44 /* Resources */,
			);
			buildRules = (
			);
			dependencies = (
				5A60A7992C0FD5EF00B92E44 /* PBXTargetDependency */,
			);
			name = "Sword ChallengeTests";
			productName = "Sword ChallengeTests";
			productReference = 5A60A7972C0FD5EF00B92E44 /* Sword ChallengeTests.xctest */;
			productType = "com.apple.product-type.bundle.unit-test";
		};
		5A60A7A02C0FD5EF00B92E44 /* Sword ChallengeUITests */ = {
			isa = PBXNativeTarget;
			buildConfigurationList = 5A60A7B12C0FD5EF00B92E44 /* Build configuration list for PBXNativeTarget "Sword ChallengeUITests" */;
			buildPhases = (
				5A60A79D2C0FD5EF00B92E44 /* Sources */,
				5A60A79E2C0FD5EF00B92E44 /* Frameworks */,
				5A60A79F2C0FD5EF00B92E44 /* Resources */,
			);
			buildRules = (
			);
			dependencies = (
				5A60A7A32C0FD5EF00B92E44 /* PBXTargetDependency */,
			);
			name = "Sword ChallengeUITests";
			productName = "Sword ChallengeUITests";
			productReference = 5A60A7A12C0FD5EF00B92E44 /* Sword ChallengeUITests.xctest */;
			productType = "com.apple.product-type.bundle.ui-testing";
		};
/* End PBXNativeTarget section */

/* Begin PBXProject section */
		5A60A77F2C0FD5EC00B92E44 /* Project object */ = {
			isa = PBXProject;
			attributes = {
				BuildIndependentTargetsInParallel = 1;
				LastSwiftUpdateCheck = 1540;
				LastUpgradeCheck = 1540;
				TargetAttributes = {
					5A60A7862C0FD5EC00B92E44 = {
						CreatedOnToolsVersion = 15.4;
					};
					5A60A7962C0FD5EF00B92E44 = {
						CreatedOnToolsVersion = 15.4;
						TestTargetID = 5A60A7862C0FD5EC00B92E44;
					};
					5A60A7A02C0FD5EF00B92E44 = {
						CreatedOnToolsVersion = 15.4;
						TestTargetID = 5A60A7862C0FD5EC00B92E44;
					};
				};
			};
			buildConfigurationList = 5A60A7822C0FD5EC00B92E44 /* Build configuration list for PBXProject "Sword Challenge" */;
			compatibilityVersion = "Xcode 14.0";
			developmentRegion = en;
			hasScannedForEncodings = 0;
			knownRegions = (
				en,
				Base,
			);
			mainGroup = 5A60A77E2C0FD5EC00B92E44;
			productRefGroup = 5A60A7882C0FD5EC00B92E44 /* Products */;
			projectDirPath = "";
			projectRoot = "";
			targets = (
				5A60A7862C0FD5EC00B92E44 /* Sword Challenge */,
				5A60A7962C0FD5EF00B92E44 /* Sword ChallengeTests */,
				5A60A7A02C0FD5EF00B92E44 /* Sword ChallengeUITests */,
			);
		};
/* End PBXProject section */

/* Begin PBXResourcesBuildPhase section */
		5A60A7852C0FD5EC00B92E44 /* Resources */ = {
			isa = PBXResourcesBuildPhase;
			buildActionMask = 2147483647;
			files = (
				5A60A7922C0FD5EE00B92E44 /* Preview Assets.xcassets in Resources */,
				5A60A78F2C0FD5EE00B92E44 /* Assets.xcassets in Resources */,
				5AD3125A2C0FE254000881AB /* Localizable.xcstrings in Resources */,
			);
			runOnlyForDeploymentPostprocessing = 0;
		};
		5A60A7952C0FD5EF00B92E44 /* Resources */ = {
			isa = PBXResourcesBuildPhase;
			buildActionMask = 2147483647;
			files = (
			);
			runOnlyForDeploymentPostprocessing = 0;
		};
		5A60A79F2C0FD5EF00B92E44 /* Resources */ = {
			isa = PBXResourcesBuildPhase;
			buildActionMask = 2147483647;
			files = (
			);
			runOnlyForDeploymentPostprocessing = 0;
		};
/* End PBXResourcesBuildPhase section */

/* Begin PBXSourcesBuildPhase section */
		5A60A7832C0FD5EC00B92E44 /* Sources */ = {
			isa = PBXSourcesBuildPhase;
			buildActionMask = 2147483647;
			files = (
				5A60A78D2C0FD5EC00B92E44 /* CatsTabView.swift in Sources */,
				5AD312572C0FE11B000881AB /* CatsListViewModel.swift in Sources */,
				5A60A78B2C0FD5EC00B92E44 /* Sword_ChallengeApp.swift in Sources */,
				5AD312532C0FE0F2000881AB /* CatsListView.swift in Sources */,
				5AD312612C0FE77A000881AB /* FavouritesCatsView.swift in Sources */,
				5AD3125C2C0FE588000881AB /* CatDetailsViewModel.swift in Sources */,
				5AD3125E2C0FE604000881AB /* CatListItem.swift in Sources */,
				5AD312642C10A851000881AB /* CatsTabViewModel.swift in Sources */,
			);
			runOnlyForDeploymentPostprocessing = 0;
		};
		5A60A7932C0FD5EF00B92E44 /* Sources */ = {
			isa = PBXSourcesBuildPhase;
			buildActionMask = 2147483647;
			files = (
				5A60A79C2C0FD5EF00B92E44 /* Sword_ChallengeTests.swift in Sources */,
			);
			runOnlyForDeploymentPostprocessing = 0;
		};
		5A60A79D2C0FD5EF00B92E44 /* Sources */ = {
			isa = PBXSourcesBuildPhase;
			buildActionMask = 2147483647;
			files = (
				5A60A7A82C0FD5EF00B92E44 /* Sword_ChallengeUITestsLaunchTests.swift in Sources */,
				5A60A7A62C0FD5EF00B92E44 /* Sword_ChallengeUITests.swift in Sources */,
			);
			runOnlyForDeploymentPostprocessing = 0;
		};
/* End PBXSourcesBuildPhase section */

/* Begin PBXTargetDependency section */
		5A60A7992C0FD5EF00B92E44 /* PBXTargetDependency */ = {
			isa = PBXTargetDependency;
			target = 5A60A7862C0FD5EC00B92E44 /* Sword Challenge */;
			targetProxy = 5A60A7982C0FD5EF00B92E44 /* PBXContainerItemProxy */;
		};
		5A60A7A32C0FD5EF00B92E44 /* PBXTargetDependency */ = {
			isa = PBXTargetDependency;
			target = 5A60A7862C0FD5EC00B92E44 /* Sword Challenge */;
			targetProxy = 5A60A7A22C0FD5EF00B92E44 /* PBXContainerItemProxy */;
		};
/* End PBXTargetDependency section */

/* Begin XCBuildConfiguration section */
		5A60A7A92C0FD5EF00B92E44 /* Debug */ = {
			isa = XCBuildConfiguration;
			buildSettings = {
				ALWAYS_SEARCH_USER_PATHS = NO;
				ASSETCATALOG_COMPILER_GENERATE_SWIFT_ASSET_SYMBOL_EXTENSIONS = YES;
				CLANG_ANALYZER_NONNULL = YES;
				CLANG_ANALYZER_NUMBER_OBJECT_CONVERSION = YES_AGGRESSIVE;
				CLANG_CXX_LANGUAGE_STANDARD = "gnu++20";
				CLANG_ENABLE_MODULES = YES;
				CLANG_ENABLE_OBJC_ARC = YES;
				CLANG_ENABLE_OBJC_WEAK = YES;
				CLANG_WARN_BLOCK_CAPTURE_AUTORELEASING = YES;
				CLANG_WARN_BOOL_CONVERSION = YES;
				CLANG_WARN_COMMA = YES;
				CLANG_WARN_CONSTANT_CONVERSION = YES;
				CLANG_WARN_DEPRECATED_OBJC_IMPLEMENTATIONS = YES;
				CLANG_WARN_DIRECT_OBJC_ISA_USAGE = YES_ERROR;
				CLANG_WARN_DOCUMENTATION_COMMENTS = YES;
				CLANG_WARN_EMPTY_BODY = YES;
				CLANG_WARN_ENUM_CONVERSION = YES;
				CLANG_WARN_INFINITE_RECURSION = YES;
				CLANG_WARN_INT_CONVERSION = YES;
				CLANG_WARN_NON_LITERAL_NULL_CONVERSION = YES;
				CLANG_WARN_OBJC_IMPLICIT_RETAIN_SELF = YES;
				CLANG_WARN_OBJC_LITERAL_CONVERSION = YES;
				CLANG_WARN_OBJC_ROOT_CLASS = YES_ERROR;
				CLANG_WARN_QUOTED_INCLUDE_IN_FRAMEWORK_HEADER = YES;
				CLANG_WARN_RANGE_LOOP_ANALYSIS = YES;
				CLANG_WARN_STRICT_PROTOTYPES = YES;
				CLANG_WARN_SUSPICIOUS_MOVE = YES;
				CLANG_WARN_UNGUARDED_AVAILABILITY = YES_AGGRESSIVE;
				CLANG_WARN_UNREACHABLE_CODE = YES;
				CLANG_WARN__DUPLICATE_METHOD_MATCH = YES;
				COPY_PHASE_STRIP = NO;
				DEBUG_INFORMATION_FORMAT = dwarf;
				ENABLE_STRICT_OBJC_MSGSEND = YES;
				ENABLE_TESTABILITY = YES;
				ENABLE_USER_SCRIPT_SANDBOXING = YES;
				GCC_C_LANGUAGE_STANDARD = gnu17;
				GCC_DYNAMIC_NO_PIC = NO;
				GCC_NO_COMMON_BLOCKS = YES;
				GCC_OPTIMIZATION_LEVEL = 0;
				GCC_PREPROCESSOR_DEFINITIONS = (
					"DEBUG=1",
					"$(inherited)",
				);
				GCC_WARN_64_TO_32_BIT_CONVERSION = YES;
				GCC_WARN_ABOUT_RETURN_TYPE = YES_ERROR;
				GCC_WARN_UNDECLARED_SELECTOR = YES;
				GCC_WARN_UNINITIALIZED_AUTOS = YES_AGGRESSIVE;
				GCC_WARN_UNUSED_FUNCTION = YES;
				GCC_WARN_UNUSED_VARIABLE = YES;
				IPHONEOS_DEPLOYMENT_TARGET = 17.5;
				LOCALIZATION_PREFERS_STRING_CATALOGS = YES;
				MTL_ENABLE_DEBUG_INFO = INCLUDE_SOURCE;
				MTL_FAST_MATH = YES;
				ONLY_ACTIVE_ARCH = YES;
				SDKROOT = iphoneos;
				SWIFT_ACTIVE_COMPILATION_CONDITIONS = "DEBUG $(inherited)";
				SWIFT_OPTIMIZATION_LEVEL = "-Onone";
			};
			name = Debug;
		};
		5A60A7AA2C0FD5EF00B92E44 /* Release */ = {
			isa = XCBuildConfiguration;
			buildSettings = {
				ALWAYS_SEARCH_USER_PATHS = NO;
				ASSETCATALOG_COMPILER_GENERATE_SWIFT_ASSET_SYMBOL_EXTENSIONS = YES;
				CLANG_ANALYZER_NONNULL = YES;
				CLANG_ANALYZER_NUMBER_OBJECT_CONVERSION = YES_AGGRESSIVE;
				CLANG_CXX_LANGUAGE_STANDARD = "gnu++20";
				CLANG_ENABLE_MODULES = YES;
				CLANG_ENABLE_OBJC_ARC = YES;
				CLANG_ENABLE_OBJC_WEAK = YES;
				CLANG_WARN_BLOCK_CAPTURE_AUTORELEASING = YES;
				CLANG_WARN_BOOL_CONVERSION = YES;
				CLANG_WARN_COMMA = YES;
				CLANG_WARN_CONSTANT_CONVERSION = YES;
				CLANG_WARN_DEPRECATED_OBJC_IMPLEMENTATIONS = YES;
				CLANG_WARN_DIRECT_OBJC_ISA_USAGE = YES_ERROR;
				CLANG_WARN_DOCUMENTATION_COMMENTS = YES;
				CLANG_WARN_EMPTY_BODY = YES;
				CLANG_WARN_ENUM_CONVERSION = YES;
				CLANG_WARN_INFINITE_RECURSION = YES;
				CLANG_WARN_INT_CONVERSION = YES;
				CLANG_WARN_NON_LITERAL_NULL_CONVERSION = YES;
				CLANG_WARN_OBJC_IMPLICIT_RETAIN_SELF = YES;
				CLANG_WARN_OBJC_LITERAL_CONVERSION = YES;
				CLANG_WARN_OBJC_ROOT_CLASS = YES_ERROR;
				CLANG_WARN_QUOTED_INCLUDE_IN_FRAMEWORK_HEADER = YES;
				CLANG_WARN_RANGE_LOOP_ANALYSIS = YES;
				CLANG_WARN_STRICT_PROTOTYPES = YES;
				CLANG_WARN_SUSPICIOUS_MOVE = YES;
				CLANG_WARN_UNGUARDED_AVAILABILITY = YES_AGGRESSIVE;
				CLANG_WARN_UNREACHABLE_CODE = YES;
				CLANG_WARN__DUPLICATE_METHOD_MATCH = YES;
				COPY_PHASE_STRIP = NO;
				DEBUG_INFORMATION_FORMAT = "dwarf-with-dsym";
				ENABLE_NS_ASSERTIONS = NO;
				ENABLE_STRICT_OBJC_MSGSEND = YES;
				ENABLE_USER_SCRIPT_SANDBOXING = YES;
				GCC_C_LANGUAGE_STANDARD = gnu17;
				GCC_NO_COMMON_BLOCKS = YES;
				GCC_WARN_64_TO_32_BIT_CONVERSION = YES;
				GCC_WARN_ABOUT_RETURN_TYPE = YES_ERROR;
				GCC_WARN_UNDECLARED_SELECTOR = YES;
				GCC_WARN_UNINITIALIZED_AUTOS = YES_AGGRESSIVE;
				GCC_WARN_UNUSED_FUNCTION = YES;
				GCC_WARN_UNUSED_VARIABLE = YES;
				IPHONEOS_DEPLOYMENT_TARGET = 17.5;
				LOCALIZATION_PREFERS_STRING_CATALOGS = YES;
				MTL_ENABLE_DEBUG_INFO = NO;
				MTL_FAST_MATH = YES;
				SDKROOT = iphoneos;
				SWIFT_COMPILATION_MODE = wholemodule;
				VALIDATE_PRODUCT = YES;
			};
			name = Release;
		};
		5A60A7AC2C0FD5EF00B92E44 /* Debug */ = {
			isa = XCBuildConfiguration;
			buildSettings = {
				ASSETCATALOG_COMPILER_APPICON_NAME = AppIcon;
				ASSETCATALOG_COMPILER_GLOBAL_ACCENT_COLOR_NAME = AccentColor;
				CODE_SIGN_STYLE = Automatic;
				CURRENT_PROJECT_VERSION = 1;
				DEVELOPMENT_ASSET_PATHS = "\"Sword Challenge/Preview Content\"";
				DEVELOPMENT_TEAM = JMQC6CPL36;
				ENABLE_PREVIEWS = YES;
				GENERATE_INFOPLIST_FILE = YES;
				INFOPLIST_KEY_UIApplicationSceneManifest_Generation = YES;
				INFOPLIST_KEY_UIApplicationSupportsIndirectInputEvents = YES;
				INFOPLIST_KEY_UILaunchScreen_Generation = YES;
				INFOPLIST_KEY_UISupportedInterfaceOrientations_iPad = "UIInterfaceOrientationPortrait UIInterfaceOrientationPortraitUpsideDown UIInterfaceOrientationLandscapeLeft UIInterfaceOrientationLandscapeRight";
				INFOPLIST_KEY_UISupportedInterfaceOrientations_iPhone = "UIInterfaceOrientationPortrait UIInterfaceOrientationLandscapeLeft UIInterfaceOrientationLandscapeRight";
				LD_RUNPATH_SEARCH_PATHS = (
					"$(inherited)",
					"@executable_path/Frameworks",
				);
				MARKETING_VERSION = 1.0;
				PRODUCT_BUNDLE_IDENTIFIER = "ricardotavares.Sword-Challenge";
				PRODUCT_NAME = "$(TARGET_NAME)";
				SWIFT_EMIT_LOC_STRINGS = YES;
				SWIFT_VERSION = 5.0;
				TARGETED_DEVICE_FAMILY = "1,2";
			};
			name = Debug;
		};
		5A60A7AD2C0FD5EF00B92E44 /* Release */ = {
			isa = XCBuildConfiguration;
			buildSettings = {
				ASSETCATALOG_COMPILER_APPICON_NAME = AppIcon;
				ASSETCATALOG_COMPILER_GLOBAL_ACCENT_COLOR_NAME = AccentColor;
				CODE_SIGN_STYLE = Automatic;
				CURRENT_PROJECT_VERSION = 1;
				DEVELOPMENT_ASSET_PATHS = "\"Sword Challenge/Preview Content\"";
				DEVELOPMENT_TEAM = JMQC6CPL36;
				ENABLE_PREVIEWS = YES;
				GENERATE_INFOPLIST_FILE = YES;
				INFOPLIST_KEY_UIApplicationSceneManifest_Generation = YES;
				INFOPLIST_KEY_UIApplicationSupportsIndirectInputEvents = YES;
				INFOPLIST_KEY_UILaunchScreen_Generation = YES;
				INFOPLIST_KEY_UISupportedInterfaceOrientations_iPad = "UIInterfaceOrientationPortrait UIInterfaceOrientationPortraitUpsideDown UIInterfaceOrientationLandscapeLeft UIInterfaceOrientationLandscapeRight";
				INFOPLIST_KEY_UISupportedInterfaceOrientations_iPhone = "UIInterfaceOrientationPortrait UIInterfaceOrientationLandscapeLeft UIInterfaceOrientationLandscapeRight";
				LD_RUNPATH_SEARCH_PATHS = (
					"$(inherited)",
					"@executable_path/Frameworks",
				);
				MARKETING_VERSION = 1.0;
				PRODUCT_BUNDLE_IDENTIFIER = "ricardotavares.Sword-Challenge";
				PRODUCT_NAME = "$(TARGET_NAME)";
				SWIFT_EMIT_LOC_STRINGS = YES;
				SWIFT_VERSION = 5.0;
				TARGETED_DEVICE_FAMILY = "1,2";
			};
			name = Release;
		};
		5A60A7AF2C0FD5EF00B92E44 /* Debug */ = {
			isa = XCBuildConfiguration;
			buildSettings = {
				ALWAYS_EMBED_SWIFT_STANDARD_LIBRARIES = YES;
				BUNDLE_LOADER = "$(TEST_HOST)";
				CODE_SIGN_STYLE = Automatic;
				CURRENT_PROJECT_VERSION = 1;
				DEVELOPMENT_TEAM = JMQC6CPL36;
				GENERATE_INFOPLIST_FILE = YES;
				IPHONEOS_DEPLOYMENT_TARGET = 17.5;
				MARKETING_VERSION = 1.0;
				PRODUCT_BUNDLE_IDENTIFIER = "ricardotavares.Sword-ChallengeTests";
				PRODUCT_NAME = "$(TARGET_NAME)";
				SWIFT_EMIT_LOC_STRINGS = NO;
				SWIFT_VERSION = 5.0;
				TARGETED_DEVICE_FAMILY = "1,2";
				TEST_HOST = "$(BUILT_PRODUCTS_DIR)/Sword Challenge.app/$(BUNDLE_EXECUTABLE_FOLDER_PATH)/Sword Challenge";
			};
			name = Debug;
		};
		5A60A7B02C0FD5EF00B92E44 /* Release */ = {
			isa = XCBuildConfiguration;
			buildSettings = {
				ALWAYS_EMBED_SWIFT_STANDARD_LIBRARIES = YES;
				BUNDLE_LOADER = "$(TEST_HOST)";
				CODE_SIGN_STYLE = Automatic;
				CURRENT_PROJECT_VERSION = 1;
				DEVELOPMENT_TEAM = JMQC6CPL36;
				GENERATE_INFOPLIST_FILE = YES;
				IPHONEOS_DEPLOYMENT_TARGET = 17.5;
				MARKETING_VERSION = 1.0;
				PRODUCT_BUNDLE_IDENTIFIER = "ricardotavares.Sword-ChallengeTests";
				PRODUCT_NAME = "$(TARGET_NAME)";
				SWIFT_EMIT_LOC_STRINGS = NO;
				SWIFT_VERSION = 5.0;
				TARGETED_DEVICE_FAMILY = "1,2";
				TEST_HOST = "$(BUILT_PRODUCTS_DIR)/Sword Challenge.app/$(BUNDLE_EXECUTABLE_FOLDER_PATH)/Sword Challenge";
			};
			name = Release;
		};
		5A60A7B22C0FD5EF00B92E44 /* Debug */ = {
			isa = XCBuildConfiguration;
			buildSettings = {
				ALWAYS_EMBED_SWIFT_STANDARD_LIBRARIES = YES;
				CODE_SIGN_STYLE = Automatic;
				CURRENT_PROJECT_VERSION = 1;
				DEVELOPMENT_TEAM = JMQC6CPL36;
				GENERATE_INFOPLIST_FILE = YES;
				MARKETING_VERSION = 1.0;
				PRODUCT_BUNDLE_IDENTIFIER = "ricardotavares.Sword-ChallengeUITests";
				PRODUCT_NAME = "$(TARGET_NAME)";
				SWIFT_EMIT_LOC_STRINGS = NO;
				SWIFT_VERSION = 5.0;
				TARGETED_DEVICE_FAMILY = "1,2";
				TEST_TARGET_NAME = "Sword Challenge";
			};
			name = Debug;
		};
		5A60A7B32C0FD5EF00B92E44 /* Release */ = {
			isa = XCBuildConfiguration;
			buildSettings = {
				ALWAYS_EMBED_SWIFT_STANDARD_LIBRARIES = YES;
				CODE_SIGN_STYLE = Automatic;
				CURRENT_PROJECT_VERSION = 1;
				DEVELOPMENT_TEAM = JMQC6CPL36;
				GENERATE_INFOPLIST_FILE = YES;
				MARKETING_VERSION = 1.0;
				PRODUCT_BUNDLE_IDENTIFIER = "ricardotavares.Sword-ChallengeUITests";
				PRODUCT_NAME = "$(TARGET_NAME)";
				SWIFT_EMIT_LOC_STRINGS = NO;
				SWIFT_VERSION = 5.0;
				TARGETED_DEVICE_FAMILY = "1,2";
				TEST_TARGET_NAME = "Sword Challenge";
			};
			name = Release;
		};
/* End XCBuildConfiguration section */

/* Begin XCConfigurationList section */
		5A60A7822C0FD5EC00B92E44 /* Build configuration list for PBXProject "Sword Challenge" */ = {
			isa = XCConfigurationList;
			buildConfigurations = (
				5A60A7A92C0FD5EF00B92E44 /* Debug */,
				5A60A7AA2C0FD5EF00B92E44 /* Release */,
			);
			defaultConfigurationIsVisible = 0;
			defaultConfigurationName = Release;
		};
		5A60A7AB2C0FD5EF00B92E44 /* Build configuration list for PBXNativeTarget "Sword Challenge" */ = {
			isa = XCConfigurationList;
			buildConfigurations = (
				5A60A7AC2C0FD5EF00B92E44 /* Debug */,
				5A60A7AD2C0FD5EF00B92E44 /* Release */,
			);
			defaultConfigurationIsVisible = 0;
			defaultConfigurationName = Release;
		};
		5A60A7AE2C0FD5EF00B92E44 /* Build configuration list for PBXNativeTarget "Sword ChallengeTests" */ = {
			isa = XCConfigurationList;
			buildConfigurations = (
				5A60A7AF2C0FD5EF00B92E44 /* Debug */,
				5A60A7B02C0FD5EF00B92E44 /* Release */,
			);
			defaultConfigurationIsVisible = 0;
			defaultConfigurationName = Release;
		};
		5A60A7B12C0FD5EF00B92E44 /* Build configuration list for PBXNativeTarget "Sword ChallengeUITests" */ = {
			isa = XCConfigurationList;
			buildConfigurations = (
				5A60A7B22C0FD5EF00B92E44 /* Debug */,
				5A60A7B32C0FD5EF00B92E44 /* Release */,
			);
			defaultConfigurationIsVisible = 0;
			defaultConfigurationName = Release;
		};
/* End XCConfigurationList section */
	};
	rootObject = 5A60A77F2C0FD5EC00B92E44 /* Project object */;
}
